# This file is autogenerated, do not edit; changes may be undone by the next 'dep ensure'.


[[projects]]
  name = "github.com/Knetic/govaluate"
  packages = ["."]
  revision = "d216395917cc49052c7c7094cf57f09657ca08a8"
  version = "v3.0.0"

[[projects]]
  name = "github.com/casbin/casbin"
  packages = [".","config","effect","errors","log","model","persist","persist/file-adapter","rbac","rbac/default-role-manager","util"]
  revision = "aaed1b7a7eac65d37ec4e15e308429fdf0bd6a9e"
  version = "v1.9.1"

[[projects]]
  branch = "master"
  name = "golang.org/x/time"
  packages = ["rate"]
  revision = "3af7569d3a1e776fc2a3c1cec133b43105ea9c2e"

[solve-meta]
  analyzer-name = "dep"
  analyzer-version = 1
  inputs-digest = "8c8303ba7967b7a8ec1ac9f9337c26b8cafc1252ec14221d6a12067748ff1949"
  solver-name = "gps-cdcl"
  solver-version = 1
